
Microsoft Visual Studio Solution File, Format Version 12.00
# Visual Studio Version 17
VisualStudioVersion = 17.3.32811.315
MinimumVisualStudioVersion = 10.0.40219.1
Project("{FAE04EC0-301F-11D3-BF4B-00C04F79EFBC}") = "BlazorServer.Authentication", "BlazorServer.Authentication\BlazorServer.Authentication.csproj", "{EEB4333B-AAB7-4889-956A-020D8FCE8478}"
EndProject
Global
	GlobalSection(SolutionConfigurationPlatforms) = preSolution
		Debug|Any CPU = Debug|Any CPU
		Release|Any CPU = Release|Any CPU
	EndGlobalSection
	GlobalSection(ProjectConfigurationPlatforms) = postSolution
		{EEB4333B-AAB7-4889-956A-020D8FCE8478}.Debug|Any CPU.ActiveCfg = Debug|Any CPU
		{EEB4333B-AAB7-4889-956A-020D8FCE8478}.Debug|Any CPU.Build.0 = Debug|Any CPU
		{EEB4333B-AAB7-4889-956A-020D8FCE8478}.Release|Any CPU.ActiveCfg = Release|Any CPU
		{EEB4333B-AAB7-4889-956A-020D8FCE8478}.Release|Any CPU.Build.0 = Release|Any CPU
	EndGlobalSection
	GlobalSection(SolutionProperties) = preSolution
		HideSolutionNode = FALSE
	EndGlobalSection
	GlobalSection(ExtensibilityGlobals) = postSolution
		SolutionGuid = {423D470A-ABAD-4A62-9641-4E9B89305379}
	EndGlobalSection
EndGlobal
